
Microsoft Visual Studio Solution File, Format Version 12.00
# Visual Studio 15
VisualStudioVersion = 15.0.28307.329
MinimumVisualStudioVersion = 10.0.40219.1
Project("{34036844-64E7-43A5-9151-4AD90E180989}") = "AzureIotEdgeApp1.Windows.Amd64", "AzureIotEdgeApp1.Windows.Amd64\AzureIotEdgeApp1.Windows.Amd64.iotedgeproj", "{E16C0FE4-68AE-4EDE-A00C-7364B756F99C}"
EndProject
Project("{8BC9CEB8-8B4A-11D0-8D11-00A0C91BC942}") = "IotEdgeModule1", "IotEdgeModule1\IotEdgeModule1.vcxproj", "{DE15A254-6374-4A07-957E-9E609D650CD2}"
EndProject
Global
	GlobalSection(SolutionConfigurationPlatforms) = preSolution
		Debug|Any CPU = Debug|Any CPU
		Debug|x64 = Debug|x64
		Debug|x86 = Debug|x86
		Release|Any CPU = Release|Any CPU
		Release|x64 = Release|x64
		Release|x86 = Release|x86
	EndGlobalSection
	GlobalSection(ProjectConfigurationPlatforms) = postSolution
		{E16C0FE4-68AE-4EDE-A00C-7364B756F99C}.Debug|Any CPU.ActiveCfg = Debug|Any CPU
		{E16C0FE4-68AE-4EDE-A00C-7364B756F99C}.Debug|Any CPU.Build.0 = Debug|Any CPU
		{E16C0FE4-68AE-4EDE-A00C-7364B756F99C}.Debug|x64.ActiveCfg = Debug|Any CPU
		{E16C0FE4-68AE-4EDE-A00C-7364B756F99C}.Debug|x64.Build.0 = Debug|Any CPU
		{E16C0FE4-68AE-4EDE-A00C-7364B756F99C}.Debug|x86.ActiveCfg = Debug|Any CPU
		{E16C0FE4-68AE-4EDE-A00C-7364B756F99C}.Debug|x86.Build.0 = Debug|Any CPU
		{E16C0FE4-68AE-4EDE-A00C-7364B756F99C}.Release|Any CPU.ActiveCfg = Release|Any CPU
		{E16C0FE4-68AE-4EDE-A00C-7364B756F99C}.Release|Any CPU.Build.0 = Release|Any CPU
		{E16C0FE4-68AE-4EDE-A00C-7364B756F99C}.Release|x64.ActiveCfg = Release|Any CPU
		{E16C0FE4-68AE-4EDE-A00C-7364B756F99C}.Release|x64.Build.0 = Release|Any CPU
		{E16C0FE4-68AE-4EDE-A00C-7364B756F99C}.Release|x86.ActiveCfg = Release|Any CPU
		{E16C0FE4-68AE-4EDE-A00C-7364B756F99C}.Release|x86.Build.0 = Release|Any CPU
		{DE15A254-6374-4A07-957E-9E609D650CD2}.Debug|Any CPU.ActiveCfg = Debug|x64
		{DE15A254-6374-4A07-957E-9E609D650CD2}.Debug|Any CPU.Build.0 = Debug|x64
		{DE15A254-6374-4A07-957E-9E609D650CD2}.Debug|x64.ActiveCfg = Debug|x64
		{DE15A254-6374-4A07-957E-9E609D650CD2}.Debug|x64.Build.0 = Debug|x64
		{DE15A254-6374-4A07-957E-9E609D650CD2}.Debug|x86.ActiveCfg = Debug|Win32
		{DE15A254-6374-4A07-957E-9E609D650CD2}.Debug|x86.Build.0 = Debug|Win32
		{DE15A254-6374-4A07-957E-9E609D650CD2}.Release|Any CPU.ActiveCfg = Release|x64
		{DE15A254-6374-4A07-957E-9E609D650CD2}.Release|Any CPU.Build.0 = Release|x64
		{DE15A254-6374-4A07-957E-9E609D650CD2}.Release|x64.ActiveCfg = Release|x64
		{DE15A254-6374-4A07-957E-9E609D650CD2}.Release|x64.Build.0 = Release|x64
		{DE15A254-6374-4A07-957E-9E609D650CD2}.Release|x86.ActiveCfg = Release|Win32
		{DE15A254-6374-4A07-957E-9E609D650CD2}.Release|x86.Build.0 = Release|Win32
	EndGlobalSection
	GlobalSection(SolutionProperties) = preSolution
		HideSolutionNode = FALSE
	EndGlobalSection
	GlobalSection(ExtensibilityGlobals) = postSolution
		SolutionGuid = {EFBE6B0D-F9BD-4006-B3DA-C373F4D050F2}
	EndGlobalSection
EndGlobal
